PODS:
  - Flutter (1.0.0)
  - IOSV5-TCCore (5.2.2)
  - tccore_plugin (0.0.1):
    - Flutter
    - IOSV5-TCCore (= 5.2.2)

DEPENDENCIES:
  - Flutter (from `Flutter`)
  - tccore_plugin (from `.symlinks/plugins/tccore_plugin/ios`)

SPEC REPOS:
  trunk:
    - IOSV5-TCCore

EXTERNAL SOURCES:
  Flutter:
    :path: Flutter
  tccore_plugin:
    :path: ".symlinks/plugins/tccore_plugin/ios"

SPEC CHECKSUMS:
  Flutter: f04841e97a9d0b0a8025694d0796dd46242b2854
  IOSV5-TCCore: 14602eb7efcbc05ee1cd048a57061512f82f4a13
  tccore_plugin: dc0c2b42cbeaad59c68612de4b91bcbfd24d53f7

PODFILE CHECKSUM: fb408a289158b00660fcdf4ee69e15b9fae7e08f

COCOAPODS: 1.12.0
