PODS:
  - Flutter (1.0.0)
  - IOSV5-TCCore (5.3.4)
  - tccore_plugin (1.1.0):
    - Flutter
    - IOSV5-TCCore (= 5.3.4)

DEPENDENCIES:
  - Flutter (from `Flutter`)
  - tccore_plugin (from `.symlinks/plugins/tccore_plugin/ios`)

SPEC REPOS:
  trunk:
    - IOSV5-TCCore

EXTERNAL SOURCES:
  Flutter:
    :path: Flutter
  tccore_plugin:
    :path: ".symlinks/plugins/tccore_plugin/ios"

SPEC CHECKSUMS:
  Flutter: e0871f40cf51350855a761d2e70bf5af5b9b5de7
  IOSV5-TCCore: 012570fda14093f38fd9007d932d9829f7e4bdab
  tccore_plugin: ec66db2c0b0024086d39cfeb736f1af423598f22

PODFILE CHECKSUM: fb408a289158b00660fcdf4ee69e15b9fae7e08f

COCOAPODS: 1.15.2
